
Microsoft Visual Studio Solution File, Format Version 12.00
# Visual Studio 2012
Project("{FAE04EC0-301F-11D3-BF4B-00C04F79EFBC}") = "ConnectiOn", "ConnectiOn\ConnectiOn.csproj", "{B25C95EF-EA1A-44FF-87E6-A12569592A46}"
EndProject
Project("{FAE04EC0-301F-11D3-BF4B-00C04F79EFBC}") = "IcsManagerLibrary", "IcsManager\IcsManagerLibrary\IcsManagerLibrary.csproj", "{4C2280ED-D430-4628-961F-821F47DAD8EE}"
EndProject
Global
	GlobalSection(SolutionConfigurationPlatforms) = preSolution
		Debug|Any CPU = Debug|Any CPU
		Release|Any CPU = Release|Any CPU
	EndGlobalSection
	GlobalSection(ProjectConfigurationPlatforms) = postSolution
		{B25C95EF-EA1A-44FF-87E6-A12569592A46}.Debug|Any CPU.ActiveCfg = Debug|Any CPU
		{B25C95EF-EA1A-44FF-87E6-A12569592A46}.Debug|Any CPU.Build.0 = Debug|Any CPU
		{B25C95EF-EA1A-44FF-87E6-A12569592A46}.Release|Any CPU.ActiveCfg = Release|Any CPU
		{B25C95EF-EA1A-44FF-87E6-A12569592A46}.Release|Any CPU.Build.0 = Release|Any CPU
		{4C2280ED-D430-4628-961F-821F47DAD8EE}.Debug|Any CPU.ActiveCfg = Debug|Any CPU
		{4C2280ED-D430-4628-961F-821F47DAD8EE}.Debug|Any CPU.Build.0 = Debug|Any CPU
		{4C2280ED-D430-4628-961F-821F47DAD8EE}.Release|Any CPU.ActiveCfg = Release|Any CPU
		{4C2280ED-D430-4628-961F-821F47DAD8EE}.Release|Any CPU.Build.0 = Release|Any CPU
	EndGlobalSection
	GlobalSection(SolutionProperties) = preSolution
		HideSolutionNode = FALSE
	EndGlobalSection
EndGlobal
